// !$*UTF8*$!
{
	archiveVersion = 1;
	classes = {
	};
	objectVersion = 56;
	objects = {

/* Begin PBXBuildFile section */
		CE4C21852FAA6D1D00D49B0E /* LiftNumbersApp.swift in Sources */ = {isa = PBXBuildFile; fileRef = CE4C21842FAA6D1D00D49B0E /* LiftNumbersApp.swift */; };
		CE4C21872FAA6D1D00D49B0E /* ContentView.swift in Sources */ = {isa = PBXBuildFile; fileRef = CE4C21862FAA6D1D00D49B0E /* ContentView.swift */; };
		CE4C21892FAA6D2300D49B0E /* Assets.xcassets in Resources */ = {isa = PBXBuildFile; fileRef = CE4C21882FAA6D2300D49B0E /* Assets.xcassets */; };
		CE4C218C2FAA6D2300D49B0E /* Preview Assets.xcassets in Resources */ = {isa = PBXBuildFile; fileRef = CE4C218B2FAA6D2300D49B0E /* Preview Assets.xcassets */; };
		CE4C21962FAA6D2300D49B0E /* LiftNumbersTests.swift in Sources */ = {isa = PBXBuildFile; fileRef = CE4C21952FAA6D2300D49B0E /* LiftNumbersTests.swift */; };
		CE4C21A02FAA6D2300D49B0E /* LiftNumbersUITests.swift in Sources */ = {isa = PBXBuildFile; fileRef = CE4C219F2FAA6D2300D49B0E /* LiftNumbersUITests.swift */; };
		CE4C21A22FAA6D2300D49B0E /* LiftNumbersUITestsLaunchTests.swift in Sources */ = {isa = PBXBuildFile; fileRef = CE4C21A12FAA6D2300D49B0E /* LiftNumbersUITestsLaunchTests.swift */; };
		CE4C21B02FAA74D500D49B0E /* FirebaseAuth in Frameworks */ = {isa = PBXBuildFile; productRef = CE4C21AF2FAA74D500D49B0E /* FirebaseAuth */; };
		CE4C21B22FAA74D500D49B0E /* FirebaseFirestore in Frameworks */ = {isa = PBXBuildFile; productRef = CE4C21B12FAA74D500D49B0E /* FirebaseFirestore */; };
		CE4C21B42FACD53700D49B0E /* GoogleService-Info.plist.template in Resources */ = {isa = PBXBuildFile; fileRef = CE4C21B32FACD53600D49B0E /* GoogleService-Info.plist.template */; };
		CE4C21BD2FB1591A00D49B0E /* LoginView.swift in Sources */ = {isa = PBXBuildFile; fileRef = CE4C21BC2FB1591A00D49B0E /* LoginView.swift */; };
		CE4C21BF2FB1592F00D49B0E /* SignUpView.swift in Sources */ = {isa = PBXBuildFile; fileRef = CE4C21BE2FB1592E00D49B0E /* SignUpView.swift */; };
		CE4C21C12FB15A6700D49B0E /* AuthViewModel.swift in Sources */ = {isa = PBXBuildFile; fileRef = CE4C21C02FB15A6700D49B0E /* AuthViewModel.swift */; };
		CE4C21C32FC9146B00D49B0E /* GoogleService-Info.plist in Resources */ = {isa = PBXBuildFile; fileRef = CE4C21C22FC9146A00D49B0E /* GoogleService-Info.plist */; };
		CE4C21C62FCA021500D49B0E /* MainTabView.swift in Sources */ = {isa = PBXBuildFile; fileRef = CE4C21C52FCA021500D49B0E /* MainTabView.swift */; };
		CE4C21C82FCA02E200D49B0E /* LogWorkoutView.swift in Sources */ = {isa = PBXBuildFile; fileRef = CE4C21C72FCA02E200D49B0E /* LogWorkoutView.swift */; };
		CE4C21CA2FCA02F800D49B0E /* HistoryView.swift in Sources */ = {isa = PBXBuildFile; fileRef = CE4C21C92FCA02F800D49B0E /* HistoryView.swift */; };
		CE4C21CC2FCA030900D49B0E /* ProgressView.swift in Sources */ = {isa = PBXBuildFile; fileRef = CE4C21CB2FCA030900D49B0E /* ProgressView.swift */; };
		CE4C21D02FCA03F300D49B0E /* ProgressView.swift in Sources */ = {isa = PBXBuildFile; fileRef = CE4C21CF2FCA03F300D49B0E /* ProgressView.swift */; };
		CE4C21D32FCA042700D49B0E /* ProfileView.swift in Sources */ = {isa = PBXBuildFile; fileRef = CE4C21D22FCA042700D49B0E /* ProfileView.swift */; };
		CE4C21D52FCA0E7100D49B0E /* APIKeys.swift in Sources */ = {isa = PBXBuildFile; fileRef = CE4C21D42FCA0E7100D49B0E /* APIKeys.swift */; };
		CE4C21D72FCA0F2C00D49B0E /* APIKeys.template in Resources */ = {isa = PBXBuildFile; fileRef = CE4C21D62FCA0F2C00D49B0E /* APIKeys.template */; };
		CECB6E2F2FCB8E390070A8D1 /* .gitignore in Resources */ = {isa = PBXBuildFile; fileRef = CECB6E2E2FCB8E390070A8D1 /* .gitignore */; };
		CECB6E312FCB91B30070A8D1 /* MuscleGroup.swift in Sources */ = {isa = PBXBuildFile; fileRef = CECB6E302FCB91B30070A8D1 /* MuscleGroup.swift */; };
		CECB6E332FCB91C70070A8D1 /* Machine.swift in Sources */ = {isa = PBXBuildFile; fileRef = CECB6E322FCB91C70070A8D1 /* Machine.swift */; };
		CECB6E352FCB91D50070A8D1 /* Brand.swift in Sources */ = {isa = PBXBuildFile; fileRef = CECB6E342FCB91D50070A8D1 /* Brand.swift */; };
		CECB6E372FCB91DD0070A8D1 /* Gym.swift in Sources */ = {isa = PBXBuildFile; fileRef = CECB6E362FCB91DD0070A8D1 /* Gym.swift */; };
		CECB6E392FCB91EF0070A8D1 /* WorkoutSet.swift in Sources */ = {isa = PBXBuildFile; fileRef = CECB6E382FCB91EF0070A8D1 /* WorkoutSet.swift */; };
		CECB6E3B2FCB922C0070A8D1 /* LoggedExercise.swift in Sources */ = {isa = PBXBuildFile; fileRef = CECB6E3A2FCB922C0070A8D1 /* LoggedExercise.swift */; };
		CECB6E3D2FCB92630070A8D1 /* WorkoutSession.swift in Sources */ = {isa = PBXBuildFile; fileRef = CECB6E3C2FCB92630070A8D1 /* WorkoutSession.swift */; };
		CECB6E3F2FCB926C0070A8D1 /* UserProfile.swift in Sources */ = {isa = PBXBuildFile; fileRef = CECB6E3E2FCB926C0070A8D1 /* UserProfile.swift */; };
		CECB6E422FCCD13B0070A8D1 /* DefaultExercises.swift in Sources */ = {isa = PBXBuildFile; fileRef = CECB6E412FCCD13B0070A8D1 /* DefaultExercises.swift */; };
		CECB6E452FCCD2DE0070A8D1 /* FirestoreService.swift in Sources */ = {isa = PBXBuildFile; fileRef = CECB6E442FCCD2DE0070A8D1 /* FirestoreService.swift */; };
		CECB6E472FCE2A6F0070A8D1 /* WorkoutViewModel.swift in Sources */ = {isa = PBXBuildFile; fileRef = CECB6E462FCE2A6E0070A8D1 /* WorkoutViewModel.swift */; };
		CECB6E492FD757800070A8D1 /* GymViewModel.swift in Sources */ = {isa = PBXBuildFile; fileRef = CECB6E482FD757800070A8D1 /* GymViewModel.swift */; };
/* End PBXBuildFile section */

/* Begin PBXContainerItemProxy section */
		CE4C21922FAA6D2300D49B0E /* PBXContainerItemProxy */ = {
			isa = PBXContainerItemProxy;
			containerPortal = CE4C21792FAA6D1D00D49B0E /* Project object */;
			proxyType = 1;
			remoteGlobalIDString = CE4C21802FAA6D1D00D49B0E;
			remoteInfo = LiftNumbers;
		};
		CE4C219C2FAA6D2300D49B0E /* PBXContainerItemProxy */ = {
			isa = PBXContainerItemProxy;
			containerPortal = CE4C21792FAA6D1D00D49B0E /* Project object */;
			proxyType = 1;
			remoteGlobalIDString = CE4C21802FAA6D1D00D49B0E;
			remoteInfo = LiftNumbers;
		};
/* End PBXContainerItemProxy section */

/* Begin PBXFileReference section */
		CE4C21812FAA6D1D00D49B0E /* LiftNumbers.app */ = {isa = PBXFileReference; explicitFileType = wrapper.application; includeInIndex = 0; path = LiftNumbers.app; sourceTree = BUILT_PRODUCTS_DIR; };
		CE4C21842FAA6D1D00D49B0E /* LiftNumbersApp.swift */ = {isa = PBXFileReference; lastKnownFileType = sourcecode.swift; path = LiftNumbersApp.swift; sourceTree = "<group>"; };
		CE4C21862FAA6D1D00D49B0E /* ContentView.swift */ = {isa = PBXFileReference; lastKnownFileType = sourcecode.swift; path = ContentView.swift; sourceTree = "<group>"; };
		CE4C21882FAA6D2300D49B0E /* Assets.xcassets */ = {isa = PBXFileReference; lastKnownFileType = folder.assetcatalog; path = Assets.xcassets; sourceTree = "<group>"; };
		CE4C218B2FAA6D2300D49B0E /* Preview Assets.xcassets */ = {isa = PBXFileReference; lastKnownFileType = folder.assetcatalog; path = "Preview Assets.xcassets"; sourceTree = "<group>"; };
		CE4C21912FAA6D2300D49B0E /* LiftNumbersTests.xctest */ = {isa = PBXFileReference; explicitFileType = wrapper.cfbundle; includeInIndex = 0; path = LiftNumbersTests.xctest; sourceTree = BUILT_PRODUCTS_DIR; };
		CE4C21952FAA6D2300D49B0E /* LiftNumbersTests.swift */ = {isa = PBXFileReference; lastKnownFileType = sourcecode.swift; path = LiftNumbersTests.swift; sourceTree = "<group>"; };
		CE4C219B2FAA6D2300D49B0E /* LiftNumbersUITests.xctest */ = {isa = PBXFileReference; explicitFileType = wrapper.cfbundle; includeInIndex = 0; path = LiftNumbersUITests.xctest; sourceTree = BUILT_PRODUCTS_DIR; };
		CE4C219F2FAA6D2300D49B0E /* LiftNumbersUITests.swift */ = {isa = PBXFileReference; lastKnownFileType = sourcecode.swift; path = LiftNumbersUITests.swift; sourceTree = "<group>"; };
		CE4C21A12FAA6D2300D49B0E /* LiftNumbersUITestsLaunchTests.swift */ = {isa = PBXFileReference; lastKnownFileType = sourcecode.swift; path = LiftNumbersUITestsLaunchTests.swift; sourceTree = "<group>"; };
		CE4C21B32FACD53600D49B0E /* GoogleService-Info.plist.template */ = {isa = PBXFileReference; lastKnownFileType = text.xml; path = "GoogleService-Info.plist.template"; sourceTree = "<group>"; };
		CE4C21BC2FB1591A00D49B0E /* LoginView.swift */ = {isa = PBXFileReference; lastKnownFileType = sourcecode.swift; path = LoginView.swift; sourceTree = "<group>"; };
		CE4C21BE2FB1592E00D49B0E /* SignUpView.swift */ = {isa = PBXFileReference; lastKnownFileType = sourcecode.swift; path = SignUpView.swift; sourceTree = "<group>"; };
		CE4C21C02FB15A6700D49B0E /* AuthViewModel.swift */ = {isa = PBXFileReference; lastKnownFileType = sourcecode.swift; path = AuthViewModel.swift; sourceTree = "<group>"; };
		CE4C21C22FC9146A00D49B0E /* GoogleService-Info.plist */ = {isa = PBXFileReference; fileEncoding = 4; lastKnownFileType = text.plist.xml; path = "GoogleService-Info.plist"; sourceTree = "<group>"; };
		CE4C21C52FCA021500D49B0E /* MainTabView.swift */ = {isa = PBXFileReference; lastKnownFileType = sourcecode.swift; path = MainTabView.swift; sourceTree = "<group>"; };
		CE4C21C72FCA02E200D49B0E /* LogWorkoutView.swift */ = {isa = PBXFileReference; lastKnownFileType = sourcecode.swift; path = LogWorkoutView.swift; sourceTree = "<group>"; };
		CE4C21C92FCA02F800D49B0E /* HistoryView.swift */ = {isa = PBXFileReference; lastKnownFileType = sourcecode.swift; path = HistoryView.swift; sourceTree = "<group>"; };
		CE4C21CB2FCA030900D49B0E /* ProgressView.swift */ = {isa = PBXFileReference; lastKnownFileType = sourcecode.swift; path = ProgressView.swift; sourceTree = "<group>"; };
		CE4C21CF2FCA03F300D49B0E /* ProgressView.swift */ = {isa = PBXFileReference; lastKnownFileType = sourcecode.swift; path = ProgressView.swift; sourceTree = "<group>"; };
		CE4C21D22FCA042700D49B0E /* ProfileView.swift */ = {isa = PBXFileReference; lastKnownFileType = sourcecode.swift; path = ProfileView.swift; sourceTree = "<group>"; };
		CE4C21D42FCA0E7100D49B0E /* APIKeys.swift */ = {isa = PBXFileReference; lastKnownFileType = sourcecode.swift; path = APIKeys.swift; sourceTree = "<group>"; };
		CE4C21D62FCA0F2C00D49B0E /* APIKeys.template */ = {isa = PBXFileReference; lastKnownFileType = text; path = APIKeys.template; sourceTree = "<group>"; };
		CECB6E2E2FCB8E390070A8D1 /* .gitignore */ = {isa = PBXFileReference; fileEncoding = 4; lastKnownFileType = text; path = .gitignore; sourceTree = "<group>"; };
		CECB6E302FCB91B30070A8D1 /* MuscleGroup.swift */ = {isa = PBXFileReference; lastKnownFileType = sourcecode.swift; path = MuscleGroup.swift; sourceTree = "<group>"; };
		CECB6E322FCB91C70070A8D1 /* Machine.swift */ = {isa = PBXFileReference; lastKnownFileType = sourcecode.swift; path = Machine.swift; sourceTree = "<group>"; };
		CECB6E342FCB91D50070A8D1 /* Brand.swift */ = {isa = PBXFileReference; lastKnownFileType = sourcecode.swift; path = Brand.swift; sourceTree = "<group>"; };
		CECB6E362FCB91DD0070A8D1 /* Gym.swift */ = {isa = PBXFileReference; lastKnownFileType = sourcecode.swift; path = Gym.swift; sourceTree = "<group>"; };
		CECB6E382FCB91EF0070A8D1 /* WorkoutSet.swift */ = {isa = PBXFileReference; lastKnownFileType = sourcecode.swift; path = WorkoutSet.swift; sourceTree = "<group>"; };
		CECB6E3A2FCB922C0070A8D1 /* LoggedExercise.swift */ = {isa = PBXFileReference; lastKnownFileType = sourcecode.swift; path = LoggedExercise.swift; sourceTree = "<group>"; };
		CECB6E3C2FCB92630070A8D1 /* WorkoutSession.swift */ = {isa = PBXFileReference; lastKnownFileType = sourcecode.swift; path = WorkoutSession.swift; sourceTree = "<group>"; };
		CECB6E3E2FCB926C0070A8D1 /* UserProfile.swift */ = {isa = PBXFileReference; lastKnownFileType = sourcecode.swift; path = UserProfile.swift; sourceTree = "<group>"; };
		CECB6E412FCCD13B0070A8D1 /* DefaultExercises.swift */ = {isa = PBXFileReference; lastKnownFileType = sourcecode.swift; path = DefaultExercises.swift; sourceTree = "<group>"; };
		CECB6E442FCCD2DE0070A8D1 /* FirestoreService.swift */ = {isa = PBXFileReference; lastKnownFileType = sourcecode.swift; path = FirestoreService.swift; sourceTree = "<group>"; };
		CECB6E462FCE2A6E0070A8D1 /* WorkoutViewModel.swift */ = {isa = PBXFileReference; lastKnownFileType = sourcecode.swift; path = WorkoutViewModel.swift; sourceTree = "<group>"; };
		CECB6E482FD757800070A8D1 /* GymViewModel.swift */ = {isa = PBXFileReference; lastKnownFileType = sourcecode.swift; path = GymViewModel.swift; sourceTree = "<group>"; };
/* End PBXFileReference section */

/* Begin PBXFrameworksBuildPhase section */
		CE4C217E2FAA6D1D00D49B0E /* Frameworks */ = {
			isa = PBXFrameworksBuildPhase;
			buildActionMask = 2147483647;
			files = (
				CE4C21B02FAA74D500D49B0E /* FirebaseAuth in Frameworks */,
				CE4C21B22FAA74D500D49B0E /* FirebaseFirestore in Frameworks */,
			);
			runOnlyForDeploymentPostprocessing = 0;
		};
		CE4C218E2FAA6D2300D49B0E /* Frameworks */ = {
			isa = PBXFrameworksBuildPhase;
			buildActionMask = 2147483647;
			files = (
			);
			runOnlyForDeploymentPostprocessing = 0;
		};
		CE4C21982FAA6D2300D49B0E /* Frameworks */ = {
			isa = PBXFrameworksBuildPhase;
			buildActionMask = 2147483647;
			files = (
			);
			runOnlyForDeploymentPostprocessing = 0;
		};
/* End PBXFrameworksBuildPhase section */

/* Begin PBXGroup section */
		CE4C21782FAA6D1D00D49B0E = {
			isa = PBXGroup;
			children = (
				CECB6E2E2FCB8E390070A8D1 /* .gitignore */,
				CE4C21832FAA6D1D00D49B0E /* LiftNumbers */,
				CE4C21942FAA6D2300D49B0E /* LiftNumbersTests */,
				CE4C219E2FAA6D2300D49B0E /* LiftNumbersUITests */,
				CE4C21822FAA6D1D00D49B0E /* Products */,
			);
			sourceTree = "<group>";
		};
		CE4C21822FAA6D1D00D49B0E /* Products */ = {
			isa = PBXGroup;
			children = (
				CE4C21812FAA6D1D00D49B0E /* LiftNumbers.app */,
				CE4C21912FAA6D2300D49B0E /* LiftNumbersTests.xctest */,
				CE4C219B2FAA6D2300D49B0E /* LiftNumbersUITests.xctest */,
			);
			name = Products;
			sourceTree = "<group>";
		};
		CE4C21832FAA6D1D00D49B0E /* LiftNumbers */ = {
			isa = PBXGroup;
			children = (
				CECB6E432FCCD2CE0070A8D1 /* Services */,
				CECB6E402FCCCE530070A8D1 /* Data */,
				CE4C21D82FCA0F5C00D49B0E /* Config */,
				CE4C21BB2FB157E800D49B0E /* Models */,
				CE4C21BA2FB157DC00D49B0E /* ViewModels */,
				CE4C21B62FB156E000D49B0E /* Views */,
				CE4C21B52FB156C300D49B0E /* App */,
				CE4C21882FAA6D2300D49B0E /* Assets.xcassets */,
				CE4C218A2FAA6D2300D49B0E /* Preview Content */,
			);
			path = LiftNumbers;
			sourceTree = "<group>";
		};
		CE4C218A2FAA6D2300D49B0E /* Preview Content */ = {
			isa = PBXGroup;
			children = (
				CE4C218B2FAA6D2300D49B0E /* Preview Assets.xcassets */,
			);
			path = "Preview Content";
			sourceTree = "<group>";
		};
		CE4C21942FAA6D2300D49B0E /* LiftNumbersTests */ = {
			isa = PBXGroup;
			children = (
				CE4C21952FAA6D2300D49B0E /* LiftNumbersTests.swift */,
			);
			path = LiftNumbersTests;
			sourceTree = "<group>";
		};
		CE4C219E2FAA6D2300D49B0E /* LiftNumbersUITests */ = {
			isa = PBXGroup;
			children = (
				CE4C219F2FAA6D2300D49B0E /* LiftNumbersUITests.swift */,
				CE4C21A12FAA6D2300D49B0E /* LiftNumbersUITestsLaunchTests.swift */,
			);
			path = LiftNumbersUITests;
			sourceTree = "<group>";
		};
		CE4C21B52FB156C300D49B0E /* App */ = {
			isa = PBXGroup;
			children = (
				CE4C21862FAA6D1D00D49B0E /* ContentView.swift */,
				CE4C21842FAA6D1D00D49B0E /* LiftNumbersApp.swift */,
			);
			path = App;
			sourceTree = "<group>";
		};
		CE4C21B62FB156E000D49B0E /* Views */ = {
			isa = PBXGroup;
			children = (
				CE4C21D12FCA041300D49B0E /* Profile */,
				CE4C21CE2FCA03E100D49B0E /* Progress */,
				CE4C21CD2FCA03BB00D49B0E /* History */,
				CE4C21C42FCA01FE00D49B0E /* Core */,
				CE4C21B92FB157B900D49B0E /* Workout */,
				CE4C21B82FB157AD00D49B0E /* Auth */,
			);
			path = Views;
			sourceTree = "<group>";
		};
		CE4C21B82FB157AD00D49B0E /* Auth */ = {
			isa = PBXGroup;
			children = (
				CE4C21BC2FB1591A00D49B0E /* LoginView.swift */,
				CE4C21BE2FB1592E00D49B0E /* SignUpView.swift */,
			);
			path = Auth;
			sourceTree = "<group>";
		};
		CE4C21B92FB157B900D49B0E /* Workout */ = {
			isa = PBXGroup;
			children = (
				CE4C21C72FCA02E200D49B0E /* LogWorkoutView.swift */,
				CE4C21CB2FCA030900D49B0E /* ProgressView.swift */,
			);
			path = Workout;
			sourceTree = "<group>";
		};
		CE4C21BA2FB157DC00D49B0E /* ViewModels */ = {
			isa = PBXGroup;
			children = (
				CE4C21C02FB15A6700D49B0E /* AuthViewModel.swift */,
				CECB6E462FCE2A6E0070A8D1 /* WorkoutViewModel.swift */,
				CECB6E482FD757800070A8D1 /* GymViewModel.swift */,
			);
			path = ViewModels;
			sourceTree = "<group>";
		};
		CE4C21BB2FB157E800D49B0E /* Models */ = {
			isa = PBXGroup;
			children = (
				CECB6E302FCB91B30070A8D1 /* MuscleGroup.swift */,
				CECB6E322FCB91C70070A8D1 /* Machine.swift */,
				CECB6E342FCB91D50070A8D1 /* Brand.swift */,
				CECB6E362FCB91DD0070A8D1 /* Gym.swift */,
				CECB6E382FCB91EF0070A8D1 /* WorkoutSet.swift */,
				CECB6E3A2FCB922C0070A8D1 /* LoggedExercise.swift */,
				CECB6E3C2FCB92630070A8D1 /* WorkoutSession.swift */,
				CECB6E3E2FCB926C0070A8D1 /* UserProfile.swift */,
			);
			path = Models;
			sourceTree = "<group>";
		};
		CE4C21C42FCA01FE00D49B0E /* Core */ = {
			isa = PBXGroup;
			children = (
				CE4C21C52FCA021500D49B0E /* MainTabView.swift */,
			);
			path = Core;
			sourceTree = "<group>";
		};
		CE4C21CD2FCA03BB00D49B0E /* History */ = {
			isa = PBXGroup;
			children = (
				CE4C21C92FCA02F800D49B0E /* HistoryView.swift */,
			);
			path = History;
			sourceTree = "<group>";
		};
		CE4C21CE2FCA03E100D49B0E /* Progress */ = {
			isa = PBXGroup;
			children = (
				CE4C21CF2FCA03F300D49B0E /* ProgressView.swift */,
			);
			path = Progress;
			sourceTree = "<group>";
		};
		CE4C21D12FCA041300D49B0E /* Profile */ = {
			isa = PBXGroup;
			children = (
				CE4C21D22FCA042700D49B0E /* ProfileView.swift */,
			);
			path = Profile;
			sourceTree = "<group>";
		};
		CE4C21D82FCA0F5C00D49B0E /* Config */ = {
			isa = PBXGroup;
			children = (
				CE4C21C22FC9146A00D49B0E /* GoogleService-Info.plist */,
				CE4C21B32FACD53600D49B0E /* GoogleService-Info.plist.template */,
				CE4C21D62FCA0F2C00D49B0E /* APIKeys.template */,
				CE4C21D42FCA0E7100D49B0E /* APIKeys.swift */,
			);
			path = Config;
			sourceTree = "<group>";
		};
		CECB6E402FCCCE530070A8D1 /* Data */ = {
			isa = PBXGroup;
			children = (
				CECB6E412FCCD13B0070A8D1 /* DefaultExercises.swift */,
			);
			path = Data;
			sourceTree = "<group>";
		};
		CECB6E432FCCD2CE0070A8D1 /* Services */ = {
			isa = PBXGroup;
			children = (
				CECB6E442FCCD2DE0070A8D1 /* FirestoreService.swift */,
			);
			path = Services;
			sourceTree = "<group>";
		};
/* End PBXGroup section */

/* Begin PBXNativeTarget section */
		CE4C21802FAA6D1D00D49B0E /* LiftNumbers */ = {
			isa = PBXNativeTarget;
			buildConfigurationList = CE4C21A52FAA6D2300D49B0E /* Build configuration list for PBXNativeTarget "LiftNumbers" */;
			buildPhases = (
				CE4C217D2FAA6D1D00D49B0E /* Sources */,
				CE4C217E2FAA6D1D00D49B0E /* Frameworks */,
				CE4C217F2FAA6D1D00D49B0E /* Resources */,
			);
			buildRules = (
			);
			dependencies = (
			);
			name = LiftNumbers;
			packageProductDependencies = (
				CE4C21AF2FAA74D500D49B0E /* FirebaseAuth */,
				CE4C21B12FAA74D500D49B0E /* FirebaseFirestore */,
			);
			productName = LiftNumbers;
			productReference = CE4C21812FAA6D1D00D49B0E /* LiftNumbers.app */;
			productType = "com.apple.product-type.application";
		};
		CE4C21902FAA6D2300D49B0E /* LiftNumbersTests */ = {
			isa = PBXNativeTarget;
			buildConfigurationList = CE4C21A82FAA6D2300D49B0E /* Build configuration list for PBXNativeTarget "LiftNumbersTests" */;
			buildPhases = (
				CE4C218D2FAA6D2300D49B0E /* Sources */,
				CE4C218E2FAA6D2300D49B0E /* Frameworks */,
				CE4C218F2FAA6D2300D49B0E /* Resources */,
			);
			buildRules = (
			);
			dependencies = (
				CE4C21932FAA6D2300D49B0E /* PBXTargetDependency */,
			);
			name = LiftNumbersTests;
			productName = LiftNumbersTests;
			productReference = CE4C21912FAA6D2300D49B0E /* LiftNumbersTests.xctest */;
			productType = "com.apple.product-type.bundle.unit-test";
		};
		CE4C219A2FAA6D2300D49B0E /* LiftNumbersUITests */ = {
			isa = PBXNativeTarget;
			buildConfigurationList = CE4C21AB2FAA6D2300D49B0E /* Build configuration list for PBXNativeTarget "LiftNumbersUITests" */;
			buildPhases = (
				CE4C21972FAA6D2300D49B0E /* Sources */,
				CE4C21982FAA6D2300D49B0E /* Frameworks */,
				CE4C21992FAA6D2300D49B0E /* Resources */,
			);
			buildRules = (
			);
			dependencies = (
				CE4C219D2FAA6D2300D49B0E /* PBXTargetDependency */,
			);
			name = LiftNumbersUITests;
			productName = LiftNumbersUITests;
			productReference = CE4C219B2FAA6D2300D49B0E /* LiftNumbersUITests.xctest */;
			productType = "com.apple.product-type.bundle.ui-testing";
		};
/* End PBXNativeTarget section */

/* Begin PBXProject section */
		CE4C21792FAA6D1D00D49B0E /* Project object */ = {
			isa = PBXProject;
			attributes = {
				BuildIndependentTargetsInParallel = 1;
				LastSwiftUpdateCheck = 1400;
				LastUpgradeCheck = 1400;
				TargetAttributes = {
					CE4C21802FAA6D1D00D49B0E = {
						CreatedOnToolsVersion = 14.0.1;
					};
					CE4C21902FAA6D2300D49B0E = {
						CreatedOnToolsVersion = 14.0.1;
						TestTargetID = CE4C21802FAA6D1D00D49B0E;
					};
					CE4C219A2FAA6D2300D49B0E = {
						CreatedOnToolsVersion = 14.0.1;
						TestTargetID = CE4C21802FAA6D1D00D49B0E;
					};
				};
			};
			buildConfigurationList = CE4C217C2FAA6D1D00D49B0E /* Build configuration list for PBXProject "LiftNumbers" */;
			compatibilityVersion = "Xcode 14.0";
			developmentRegion = en;
			hasScannedForEncodings = 0;
			knownRegions = (
				en,
				Base,
			);
			mainGroup = CE4C21782FAA6D1D00D49B0E;
			packageReferences = (
				CE4C21AE2FAA74D500D49B0E /* XCRemoteSwiftPackageReference "firebase-ios-sdk" */,
			);
			productRefGroup = CE4C21822FAA6D1D00D49B0E /* Products */;
			projectDirPath = "";
			projectRoot = "";
			targets = (
				CE4C21802FAA6D1D00D49B0E /* LiftNumbers */,
				CE4C21902FAA6D2300D49B0E /* LiftNumbersTests */,
				CE4C219A2FAA6D2300D49B0E /* LiftNumbersUITests */,
			);
		};
/* End PBXProject section */

/* Begin PBXResourcesBuildPhase section */
		CE4C217F2FAA6D1D00D49B0E /* Resources */ = {
			isa = PBXResourcesBuildPhase;
			buildActionMask = 2147483647;
			files = (
				CE4C21B42FACD53700D49B0E /* GoogleService-Info.plist.template in Resources */,
				CE4C21C32FC9146B00D49B0E /* GoogleService-Info.plist in Resources */,
				CE4C218C2FAA6D2300D49B0E /* Preview Assets.xcassets in Resources */,
				CE4C21892FAA6D2300D49B0E /* Assets.xcassets in Resources */,
				CECB6E2F2FCB8E390070A8D1 /* .gitignore in Resources */,
				CE4C21D72FCA0F2C00D49B0E /* APIKeys.template in Resources */,
			);
			runOnlyForDeploymentPostprocessing = 0;
		};
		CE4C218F2FAA6D2300D49B0E /* Resources */ = {
			isa = PBXResourcesBuildPhase;
			buildActionMask = 2147483647;
			files = (
			);
			runOnlyForDeploymentPostprocessing = 0;
		};
		CE4C21992FAA6D2300D49B0E /* Resources */ = {
			isa = PBXResourcesBuildPhase;
			buildActionMask = 2147483647;
			files = (
			);
			runOnlyForDeploymentPostprocessing = 0;
		};
/* End PBXResourcesBuildPhase section */

/* Begin PBXSourcesBuildPhase section */
		CE4C217D2FAA6D1D00D49B0E /* Sources */ = {
			isa = PBXSourcesBuildPhase;
			buildActionMask = 2147483647;
			files = (
				CE4C21C82FCA02E200D49B0E /* LogWorkoutView.swift in Sources */,
				CECB6E372FCB91DD0070A8D1 /* Gym.swift in Sources */,
				CE4C21CA2FCA02F800D49B0E /* HistoryView.swift in Sources */,
				CECB6E452FCCD2DE0070A8D1 /* FirestoreService.swift in Sources */,
				CE4C21C12FB15A6700D49B0E /* AuthViewModel.swift in Sources */,
				CE4C21BF2FB1592F00D49B0E /* SignUpView.swift in Sources */,
				CE4C21BD2FB1591A00D49B0E /* LoginView.swift in Sources */,
				CECB6E3D2FCB92630070A8D1 /* WorkoutSession.swift in Sources */,
				CE4C21872FAA6D1D00D49B0E /* ContentView.swift in Sources */,
				CECB6E3B2FCB922C0070A8D1 /* LoggedExercise.swift in Sources */,
				CE4C21D52FCA0E7100D49B0E /* APIKeys.swift in Sources */,
				CE4C21852FAA6D1D00D49B0E /* LiftNumbersApp.swift in Sources */,
				CECB6E392FCB91EF0070A8D1 /* WorkoutSet.swift in Sources */,
				CECB6E3F2FCB926C0070A8D1 /* UserProfile.swift in Sources */,
				CE4C21D02FCA03F300D49B0E /* ProgressView.swift in Sources */,
				CECB6E332FCB91C70070A8D1 /* Machine.swift in Sources */,
				CECB6E312FCB91B30070A8D1 /* MuscleGroup.swift in Sources */,
				CE4C21C62FCA021500D49B0E /* MainTabView.swift in Sources */,
				CE4C21D32FCA042700D49B0E /* ProfileView.swift in Sources */,
				CECB6E422FCCD13B0070A8D1 /* DefaultExercises.swift in Sources */,
				CECB6E472FCE2A6F0070A8D1 /* WorkoutViewModel.swift in Sources */,
				CECB6E352FCB91D50070A8D1 /* Brand.swift in Sources */,
				CECB6E492FD757800070A8D1 /* GymViewModel.swift in Sources */,
				CE4C21CC2FCA030900D49B0E /* ProgressView.swift in Sources */,
			);
			runOnlyForDeploymentPostprocessing = 0;
		};
		CE4C218D2FAA6D2300D49B0E /* Sources */ = {
			isa = PBXSourcesBuildPhase;
			buildActionMask = 2147483647;
			files = (
				CE4C21962FAA6D2300D49B0E /* LiftNumbersTests.swift in Sources */,
			);
			runOnlyForDeploymentPostprocessing = 0;
		};
		CE4C21972FAA6D2300D49B0E /* Sources */ = {
			isa = PBXSourcesBuildPhase;
			buildActionMask = 2147483647;
			files = (
				CE4C21A22FAA6D2300D49B0E /* LiftNumbersUITestsLaunchTests.swift in Sources */,
				CE4C21A02FAA6D2300D49B0E /* LiftNumbersUITests.swift in Sources */,
			);
			runOnlyForDeploymentPostprocessing = 0;
		};
/* End PBXSourcesBuildPhase section */

/* Begin PBXTargetDependency section */
		CE4C21932FAA6D2300D49B0E /* PBXTargetDependency */ = {
			isa = PBXTargetDependency;
			target = CE4C21802FAA6D1D00D49B0E /* LiftNumbers */;
			targetProxy = CE4C21922FAA6D2300D49B0E /* PBXContainerItemProxy */;
		};
		CE4C219D2FAA6D2300D49B0E /* PBXTargetDependency */ = {
			isa = PBXTargetDependency;
			target = CE4C21802FAA6D1D00D49B0E /* LiftNumbers */;
			targetProxy = CE4C219C2FAA6D2300D49B0E /* PBXContainerItemProxy */;
		};
/* End PBXTargetDependency section */

/* Begin XCBuildConfiguration section */
		CE4C21A32FAA6D2300D49B0E /* Debug */ = {
			isa = XCBuildConfiguration;
			buildSettings = {
				ALWAYS_SEARCH_USER_PATHS = NO;
				CLANG_ANALYZER_NONNULL = YES;
				CLANG_ANALYZER_NUMBER_OBJECT_CONVERSION = YES_AGGRESSIVE;
				CLANG_CXX_LANGUAGE_STANDARD = "gnu++20";
				CLANG_ENABLE_MODULES = YES;
				CLANG_ENABLE_OBJC_ARC = YES;
				CLANG_ENABLE_OBJC_WEAK = YES;
				CLANG_WARN_BLOCK_CAPTURE_AUTORELEASING = YES;
				CLANG_WARN_BOOL_CONVERSION = YES;
				CLANG_WARN_COMMA = YES;
				CLANG_WARN_CONSTANT_CONVERSION = YES;
				CLANG_WARN_DEPRECATED_OBJC_IMPLEMENTATIONS = YES;
				CLANG_WARN_DIRECT_OBJC_ISA_USAGE = YES_ERROR;
				CLANG_WARN_DOCUMENTATION_COMMENTS = YES;
				CLANG_WARN_EMPTY_BODY = YES;
				CLANG_WARN_ENUM_CONVERSION = YES;
				CLANG_WARN_INFINITE_RECURSION = YES;
				CLANG_WARN_INT_CONVERSION = YES;
				CLANG_WARN_NON_LITERAL_NULL_CONVERSION = YES;
				CLANG_WARN_OBJC_IMPLICIT_RETAIN_SELF = YES;
				CLANG_WARN_OBJC_LITERAL_CONVERSION = YES;
				CLANG_WARN_OBJC_ROOT_CLASS = YES_ERROR;
				CLANG_WARN_QUOTED_INCLUDE_IN_FRAMEWORK_HEADER = YES;
				CLANG_WARN_RANGE_LOOP_ANALYSIS = YES;
				CLANG_WARN_STRICT_PROTOTYPES = YES;
				CLANG_WARN_SUSPICIOUS_MOVE = YES;
				CLANG_WARN_UNGUARDED_AVAILABILITY = YES_AGGRESSIVE;
				CLANG_WARN_UNREACHABLE_CODE = YES;
				CLANG_WARN__DUPLICATE_METHOD_MATCH = YES;
				COPY_PHASE_STRIP = NO;
				DEBUG_INFORMATION_FORMAT = dwarf;
				ENABLE_STRICT_OBJC_MSGSEND = YES;
				ENABLE_TESTABILITY = YES;
				GCC_C_LANGUAGE_STANDARD = gnu11;
				GCC_DYNAMIC_NO_PIC = NO;
				GCC_NO_COMMON_BLOCKS = YES;
				GCC_OPTIMIZATION_LEVEL = 0;
				GCC_PREPROCESSOR_DEFINITIONS = (
					"DEBUG=1",
					"$(inherited)",
				);
				GCC_WARN_64_TO_32_BIT_CONVERSION = YES;
				GCC_WARN_ABOUT_RETURN_TYPE = YES_ERROR;
				GCC_WARN_UNDECLARED_SELECTOR = YES;
				GCC_WARN_UNINITIALIZED_AUTOS = YES_AGGRESSIVE;
				GCC_WARN_UNUSED_FUNCTION = YES;
				GCC_WARN_UNUSED_VARIABLE = YES;
				IPHONEOS_DEPLOYMENT_TARGET = 16.0;
				MTL_ENABLE_DEBUG_INFO = INCLUDE_SOURCE;
				MTL_FAST_MATH = YES;
				ONLY_ACTIVE_ARCH = YES;
				SDKROOT = iphoneos;
				SWIFT_ACTIVE_COMPILATION_CONDITIONS = DEBUG;
				SWIFT_OPTIMIZATION_LEVEL = "-Onone";
			};
			name = Debug;
		};
		CE4C21A42FAA6D2300D49B0E /* Release */ = {
			isa = XCBuildConfiguration;
			buildSettings = {
				ALWAYS_SEARCH_USER_PATHS = NO;
				CLANG_ANALYZER_NONNULL = YES;
				CLANG_ANALYZER_NUMBER_OBJECT_CONVERSION = YES_AGGRESSIVE;
				CLANG_CXX_LANGUAGE_STANDARD = "gnu++20";
				CLANG_ENABLE_MODULES = YES;
				CLANG_ENABLE_OBJC_ARC = YES;
				CLANG_ENABLE_OBJC_WEAK = YES;
				CLANG_WARN_BLOCK_CAPTURE_AUTORELEASING = YES;
				CLANG_WARN_BOOL_CONVERSION = YES;
				CLANG_WARN_COMMA = YES;
				CLANG_WARN_CONSTANT_CONVERSION = YES;
				CLANG_WARN_DEPRECATED_OBJC_IMPLEMENTATIONS = YES;
				CLANG_WARN_DIRECT_OBJC_ISA_USAGE = YES_ERROR;
				CLANG_WARN_DOCUMENTATION_COMMENTS = YES;
				CLANG_WARN_EMPTY_BODY = YES;
				CLANG_WARN_ENUM_CONVERSION = YES;
				CLANG_WARN_INFINITE_RECURSION = YES;
				CLANG_WARN_INT_CONVERSION = YES;
				CLANG_WARN_NON_LITERAL_NULL_CONVERSION = YES;
				CLANG_WARN_OBJC_IMPLICIT_RETAIN_SELF = YES;
				CLANG_WARN_OBJC_LITERAL_CONVERSION = YES;
				CLANG_WARN_OBJC_ROOT_CLASS = YES_ERROR;
				CLANG_WARN_QUOTED_INCLUDE_IN_FRAMEWORK_HEADER = YES;
				CLANG_WARN_RANGE_LOOP_ANALYSIS = YES;
				CLANG_WARN_STRICT_PROTOTYPES = YES;
				CLANG_WARN_SUSPICIOUS_MOVE = YES;
				CLANG_WARN_UNGUARDED_AVAILABILITY = YES_AGGRESSIVE;
				CLANG_WARN_UNREACHABLE_CODE = YES;
				CLANG_WARN__DUPLICATE_METHOD_MATCH = YES;
				COPY_PHASE_STRIP = NO;
				DEBUG_INFORMATION_FORMAT = "dwarf-with-dsym";
				ENABLE_NS_ASSERTIONS = NO;
				ENABLE_STRICT_OBJC_MSGSEND = YES;
				GCC_C_LANGUAGE_STANDARD = gnu11;
				GCC_NO_COMMON_BLOCKS = YES;
				GCC_WARN_64_TO_32_BIT_CONVERSION = YES;
				GCC_WARN_ABOUT_RETURN_TYPE = YES_ERROR;
				GCC_WARN_UNDECLARED_SELECTOR = YES;
				GCC_WARN_UNINITIALIZED_AUTOS = YES_AGGRESSIVE;
				GCC_WARN_UNUSED_FUNCTION = YES;
				GCC_WARN_UNUSED_VARIABLE = YES;
				IPHONEOS_DEPLOYMENT_TARGET = 16.0;
				MTL_ENABLE_DEBUG_INFO = NO;
				MTL_FAST_MATH = YES;
				SDKROOT = iphoneos;
				SWIFT_COMPILATION_MODE = wholemodule;
				SWIFT_OPTIMIZATION_LEVEL = "-O";
				VALIDATE_PRODUCT = YES;
			};
			name = Release;
		};
		CE4C21A62FAA6D2300D49B0E /* Debug */ = {
			isa = XCBuildConfiguration;
			buildSettings = {
				ASSETCATALOG_COMPILER_APPICON_NAME = AppIcon;
				ASSETCATALOG_COMPILER_GLOBAL_ACCENT_COLOR_NAME = AccentColor;
				CODE_SIGN_STYLE = Automatic;
				CURRENT_PROJECT_VERSION = 1;
				DEVELOPMENT_ASSET_PATHS = "\"LiftNumbers/Preview Content\"";
				DEVELOPMENT_TEAM = K73M239B69;
				ENABLE_PREVIEWS = YES;
				GENERATE_INFOPLIST_FILE = YES;
				INFOPLIST_KEY_UIApplicationSceneManifest_Generation = YES;
				INFOPLIST_KEY_UIApplicationSupportsIndirectInputEvents = YES;
				INFOPLIST_KEY_UILaunchScreen_Generation = YES;
				INFOPLIST_KEY_UISupportedInterfaceOrientations_iPad = "UIInterfaceOrientationPortrait UIInterfaceOrientationPortraitUpsideDown UIInterfaceOrientationLandscapeLeft UIInterfaceOrientationLandscapeRight";
				INFOPLIST_KEY_UISupportedInterfaceOrientations_iPhone = "UIInterfaceOrientationPortrait UIInterfaceOrientationLandscapeLeft UIInterfaceOrientationLandscapeRight";
				LD_RUNPATH_SEARCH_PATHS = (
					"$(inherited)",
					"@executable_path/Frameworks",
				);
				MARKETING_VERSION = 1.0;
				PRODUCT_BUNDLE_IDENTIFIER = com.dom.LiftNumbers;
				PRODUCT_NAME = "$(TARGET_NAME)";
				SWIFT_EMIT_LOC_STRINGS = YES;
				SWIFT_VERSION = 5.0;
				TARGETED_DEVICE_FAMILY = "1,2";
			};
			name = Debug;
		};
		CE4C21A72FAA6D2300D49B0E /* Release */ = {
			isa = XCBuildConfiguration;
			buildSettings = {
				ASSETCATALOG_COMPILER_APPICON_NAME = AppIcon;
				ASSETCATALOG_COMPILER_GLOBAL_ACCENT_COLOR_NAME = AccentColor;
				CODE_SIGN_STYLE = Automatic;
				CURRENT_PROJECT_VERSION = 1;
				DEVELOPMENT_ASSET_PATHS = "\"LiftNumbers/Preview Content\"";
				DEVELOPMENT_TEAM = K73M239B69;
				ENABLE_PREVIEWS = YES;
				GENERATE_INFOPLIST_FILE = YES;
				INFOPLIST_KEY_UIApplicationSceneManifest_Generation = YES;
				INFOPLIST_KEY_UIApplicationSupportsIndirectInputEvents = YES;
				INFOPLIST_KEY_UILaunchScreen_Generation = YES;
				INFOPLIST_KEY_UISupportedInterfaceOrientations_iPad = "UIInterfaceOrientationPortrait UIInterfaceOrientationPortraitUpsideDown UIInterfaceOrientationLandscapeLeft UIInterfaceOrientationLandscapeRight";
				INFOPLIST_KEY_UISupportedInterfaceOrientations_iPhone = "UIInterfaceOrientationPortrait UIInterfaceOrientationLandscapeLeft UIInterfaceOrientationLandscapeRight";
				LD_RUNPATH_SEARCH_PATHS = (
					"$(inherited)",
					"@executable_path/Frameworks",
				);
				MARKETING_VERSION = 1.0;
				PRODUCT_BUNDLE_IDENTIFIER = com.dom.LiftNumbers;
				PRODUCT_NAME = "$(TARGET_NAME)";
				SWIFT_EMIT_LOC_STRINGS = YES;
				SWIFT_VERSION = 5.0;
				TARGETED_DEVICE_FAMILY = "1,2";
			};
			name = Release;
		};
		CE4C21A92FAA6D2300D49B0E /* Debug */ = {
			isa = XCBuildConfiguration;
			buildSettings = {
				ALWAYS_EMBED_SWIFT_STANDARD_LIBRARIES = YES;
				BUNDLE_LOADER = "$(TEST_HOST)";
				CODE_SIGN_STYLE = Automatic;
				CURRENT_PROJECT_VERSION = 1;
				DEVELOPMENT_TEAM = K73M239B69;
				GENERATE_INFOPLIST_FILE = YES;
				IPHONEOS_DEPLOYMENT_TARGET = 16.0;
				MARKETING_VERSION = 1.0;
				PRODUCT_BUNDLE_IDENTIFIER = com.dom.LiftNumbersTests;
				PRODUCT_NAME = "$(TARGET_NAME)";
				SWIFT_EMIT_LOC_STRINGS = NO;
				SWIFT_VERSION = 5.0;
				TARGETED_DEVICE_FAMILY = "1,2";
				TEST_HOST = "$(BUILT_PRODUCTS_DIR)/LiftNumbers.app/$(BUNDLE_EXECUTABLE_FOLDER_PATH)/LiftNumbers";
			};
			name = Debug;
		};
		CE4C21AA2FAA6D2300D49B0E /* Release */ = {
			isa = XCBuildConfiguration;
			buildSettings = {
				ALWAYS_EMBED_SWIFT_STANDARD_LIBRARIES = YES;
				BUNDLE_LOADER = "$(TEST_HOST)";
				CODE_SIGN_STYLE = Automatic;
				CURRENT_PROJECT_VERSION = 1;
				DEVELOPMENT_TEAM = K73M239B69;
				GENERATE_INFOPLIST_FILE = YES;
				IPHONEOS_DEPLOYMENT_TARGET = 16.0;
				MARKETING_VERSION = 1.0;
				PRODUCT_BUNDLE_IDENTIFIER = com.dom.LiftNumbersTests;
				PRODUCT_NAME = "$(TARGET_NAME)";
				SWIFT_EMIT_LOC_STRINGS = NO;
				SWIFT_VERSION = 5.0;
				TARGETED_DEVICE_FAMILY = "1,2";
				TEST_HOST = "$(BUILT_PRODUCTS_DIR)/LiftNumbers.app/$(BUNDLE_EXECUTABLE_FOLDER_PATH)/LiftNumbers";
			};
			name = Release;
		};
		CE4C21AC2FAA6D2300D49B0E /* Debug */ = {
			isa = XCBuildConfiguration;
			buildSettings = {
				ALWAYS_EMBED_SWIFT_STANDARD_LIBRARIES = YES;
				CODE_SIGN_STYLE = Automatic;
				CURRENT_PROJECT_VERSION = 1;
				DEVELOPMENT_TEAM = K73M239B69;
				GENERATE_INFOPLIST_FILE = YES;
				MARKETING_VERSION = 1.0;
				PRODUCT_BUNDLE_IDENTIFIER = com.dom.LiftNumbersUITests;
				PRODUCT_NAME = "$(TARGET_NAME)";
				SWIFT_EMIT_LOC_STRINGS = NO;
				SWIFT_VERSION = 5.0;
				TARGETED_DEVICE_FAMILY = "1,2";
				TEST_TARGET_NAME = LiftNumbers;
			};
			name = Debug;
		};
		CE4C21AD2FAA6D2300D49B0E /* Release */ = {
			isa = XCBuildConfiguration;
			buildSettings = {
				ALWAYS_EMBED_SWIFT_STANDARD_LIBRARIES = YES;
				CODE_SIGN_STYLE = Automatic;
				CURRENT_PROJECT_VERSION = 1;
				DEVELOPMENT_TEAM = K73M239B69;
				GENERATE_INFOPLIST_FILE = YES;
				MARKETING_VERSION = 1.0;
				PRODUCT_BUNDLE_IDENTIFIER = com.dom.LiftNumbersUITests;
				PRODUCT_NAME = "$(TARGET_NAME)";
				SWIFT_EMIT_LOC_STRINGS = NO;
				SWIFT_VERSION = 5.0;
				TARGETED_DEVICE_FAMILY = "1,2";
				TEST_TARGET_NAME = LiftNumbers;
			};
			name = Release;
		};
/* End XCBuildConfiguration section */

/* Begin XCConfigurationList section */
		CE4C217C2FAA6D1D00D49B0E /* Build configuration list for PBXProject "LiftNumbers" */ = {
			isa = XCConfigurationList;
			buildConfigurations = (
				CE4C21A32FAA6D2300D49B0E /* Debug */,
				CE4C21A42FAA6D2300D49B0E /* Release */,
			);
			defaultConfigurationIsVisible = 0;
			defaultConfigurationName = Release;
		};
		CE4C21A52FAA6D2300D49B0E /* Build configuration list for PBXNativeTarget "LiftNumbers" */ = {
			isa = XCConfigurationList;
			buildConfigurations = (
				CE4C21A62FAA6D2300D49B0E /* Debug */,
				CE4C21A72FAA6D2300D49B0E /* Release */,
			);
			defaultConfigurationIsVisible = 0;
			defaultConfigurationName = Release;
		};
		CE4C21A82FAA6D2300D49B0E /* Build configuration list for PBXNativeTarget "LiftNumbersTests" */ = {
			isa = XCConfigurationList;
			buildConfigurations = (
				CE4C21A92FAA6D2300D49B0E /* Debug */,
				CE4C21AA2FAA6D2300D49B0E /* Release */,
			);
			defaultConfigurationIsVisible = 0;
			defaultConfigurationName = Release;
		};
		CE4C21AB2FAA6D2300D49B0E /* Build configuration list for PBXNativeTarget "LiftNumbersUITests" */ = {
			isa = XCConfigurationList;
			buildConfigurations = (
				CE4C21AC2FAA6D2300D49B0E /* Debug */,
				CE4C21AD2FAA6D2300D49B0E /* Release */,
			);
			defaultConfigurationIsVisible = 0;
			defaultConfigurationName = Release;
		};
/* End XCConfigurationList section */

/* Begin XCRemoteSwiftPackageReference section */
		CE4C21AE2FAA74D500D49B0E /* XCRemoteSwiftPackageReference "firebase-ios-sdk" */ = {
			isa = XCRemoteSwiftPackageReference;
			repositoryURL = "https://github.com/firebase/firebase-ios-sdk";
			requirement = {
				kind = upToNextMajorVersion;
				minimumVersion = 9.0.0;
			};
		};
/* End XCRemoteSwiftPackageReference section */

/* Begin XCSwiftPackageProductDependency section */
		CE4C21AF2FAA74D500D49B0E /* FirebaseAuth */ = {
			isa = XCSwiftPackageProductDependency;
			package = CE4C21AE2FAA74D500D49B0E /* XCRemoteSwiftPackageReference "firebase-ios-sdk" */;
			productName = FirebaseAuth;
		};
		CE4C21B12FAA74D500D49B0E /* FirebaseFirestore */ = {
			isa = XCSwiftPackageProductDependency;
			package = CE4C21AE2FAA74D500D49B0E /* XCRemoteSwiftPackageReference "firebase-ios-sdk" */;
			productName = FirebaseFirestore;
		};
/* End XCSwiftPackageProductDependency section */
	};
	rootObject = CE4C21792FAA6D1D00D49B0E /* Project object */;
}
